
Microsoft Visual Studio Solution File, Format Version 12.00
# Visual Studio Version 17
VisualStudioVersion = 17.8.34511.84
MinimumVisualStudioVersion = 10.0.40219.1
Project("{FAE04EC0-301F-11D3-BF4B-00C04F79EFBC}") = "dating-app-api", "dating-app-api\dating-app-api.csproj", "{DCA2F556-C49B-4B0F-8E05-F7AE9F6F4A02}"
EndProject
Global
	GlobalSection(SolutionConfigurationPlatforms) = preSolution
		Debug|Any CPU = Debug|Any CPU
		Release|Any CPU = Release|Any CPU
	EndGlobalSection
	GlobalSection(ProjectConfigurationPlatforms) = postSolution
		{DCA2F556-C49B-4B0F-8E05-F7AE9F6F4A02}.Debug|Any CPU.ActiveCfg = Debug|Any CPU
		{DCA2F556-C49B-4B0F-8E05-F7AE9F6F4A02}.Debug|Any CPU.Build.0 = Debug|Any CPU
		{DCA2F556-C49B-4B0F-8E05-F7AE9F6F4A02}.Release|Any CPU.ActiveCfg = Release|Any CPU
		{DCA2F556-C49B-4B0F-8E05-F7AE9F6F4A02}.Release|Any CPU.Build.0 = Release|Any CPU
	EndGlobalSection
	GlobalSection(SolutionProperties) = preSolution
		HideSolutionNode = FALSE
	EndGlobalSection
	GlobalSection(ExtensibilityGlobals) = postSolution
		SolutionGuid = {579AF330-2549-4ABD-99C5-F01235CC0F72}
	EndGlobalSection
EndGlobal
